{
    "requires": true,
    "lockfileVersion": 1,
    "dependencies": {
        "pyright": {
            "version": "1.1.202",
            "resolved": "https://registry.npmjs.org/pyright/-/pyright-1.1.202.tgz",
            "integrity": "sha512-P3jLqklz+O7RIEMosDEVx9W+EfOtes9UopnGSkLx3S/E12japllf83aaXCvHbxvANWFLZ1ToztgOkYrVcXhYsg==",
            "dev": true
        }
    }
}
